// !$*UTF8*$!
{
	archiveVersion = 1;
	classes = {
	};
	objectVersion = 46;
	objects = {

/* Begin PBXBuildFile section */
		494D60F616B5D9250060BA2F /* Foundation.framework in Frameworks */ = {isa = PBXBuildFile; fileRef = 494D60F516B5D9250060BA2F /* Foundation.framework */; };
		494D610F16B5DD5A0060BA2F /* BindingObserver.m in Sources */ = {isa = PBXBuildFile; fileRef = 494D610616B5DD5A0060BA2F /* BindingObserver.m */; };
		494D611016B5DD5A0060BA2F /* NSObject+Binding.m in Sources */ = {isa = PBXBuildFile; fileRef = 494D610716B5DD5A0060BA2F /* NSObject+Binding.m */; };
		494D611116B5DD5A0060BA2F /* ObservedBindingReference.m in Sources */ = {isa = PBXBuildFile; fileRef = 494D610916B5DD5A0060BA2F /* ObservedBindingReference.m */; };
		494D613616B5E0DB0060BA2F /* Foundation.framework in Frameworks */ = {isa = PBXBuildFile; fileRef = 494D60F516B5D9250060BA2F /* Foundation.framework */; };
		494D613816B5E0DB0060BA2F /* CoreGraphics.framework in Frameworks */ = {isa = PBXBuildFile; fileRef = 494D613716B5E0DB0060BA2F /* CoreGraphics.framework */; };
		494D613E16B5E0DB0060BA2F /* InfoPlist.strings in Resources */ = {isa = PBXBuildFile; fileRef = 494D613C16B5E0DB0060BA2F /* InfoPlist.strings */; };
		494D614016B5E0DB0060BA2F /* main.m in Sources */ = {isa = PBXBuildFile; fileRef = 494D613F16B5E0DB0060BA2F /* main.m */; };
		494D614316B5E0DB0060BA2F /* Cedar-iOS.framework in Frameworks */ = {isa = PBXBuildFile; fileRef = 494D614216B5E0DB0060BA2F /* Cedar-iOS.framework */; };
		494D614A16B5E18A0060BA2F /* BindingSpec.mm in Sources */ = {isa = PBXBuildFile; fileRef = 494D614916B5E18A0060BA2F /* BindingSpec.mm */; };
		494D616016B5E3B80060BA2F /* NSObject+Binding.m in Sources */ = {isa = PBXBuildFile; fileRef = 494D610716B5DD5A0060BA2F /* NSObject+Binding.m */; };
		494D616116B5E3C10060BA2F /* BindingObserver.m in Sources */ = {isa = PBXBuildFile; fileRef = 494D610616B5DD5A0060BA2F /* BindingObserver.m */; };
		494D616216B5E3C40060BA2F /* ObservedBindingReference.m in Sources */ = {isa = PBXBuildFile; fileRef = 494D610916B5DD5A0060BA2F /* ObservedBindingReference.m */; };
		498D614216C37645009C38CE /* UITableView+Binding.m in Sources */ = {isa = PBXBuildFile; fileRef = 498D614116C37645009C38CE /* UITableView+Binding.m */; };
		498D614416C377DA009C38CE /* UITableViewBindingSpecSpec.mm in Sources */ = {isa = PBXBuildFile; fileRef = 498D614316C377DA009C38CE /* UITableViewBindingSpecSpec.mm */; };
		498D615216C381F6009C38CE /* libOCMock.a in Frameworks */ = {isa = PBXBuildFile; fileRef = 498D615116C381D3009C38CE /* libOCMock.a */; };
		498D615416C38A23009C38CE /* UIKit.framework in Frameworks */ = {isa = PBXBuildFile; fileRef = 498D615316C38A23009C38CE /* UIKit.framework */; };
		498D615516C38C9C009C38CE /* UITableView+Binding.m in Sources */ = {isa = PBXBuildFile; fileRef = 498D614116C37645009C38CE /* UITableView+Binding.m */; };
		498D615816C43C57009C38CE /* BindingArrayObserver.m in Sources */ = {isa = PBXBuildFile; fileRef = 498D615716C43C57009C38CE /* BindingArrayObserver.m */; };
		498D615916C43C57009C38CE /* BindingArrayObserver.m in Sources */ = {isa = PBXBuildFile; fileRef = 498D615716C43C57009C38CE /* BindingArrayObserver.m */; };
/* End PBXBuildFile section */

/* Begin PBXContainerItemProxy section */
		494D615E16B5E3190060BA2F /* PBXContainerItemProxy */ = {
			isa = PBXContainerItemProxy;
			containerPortal = 494D60E916B5D9250060BA2F /* Project object */;
			proxyType = 1;
			remoteGlobalIDString = 494D60F116B5D9250060BA2F;
			remoteInfo = bindings;
		};
		498D614C16C381D3009C38CE /* PBXContainerItemProxy */ = {
			isa = PBXContainerItemProxy;
			containerPortal = 498D614616C381D2009C38CE /* OCMock.xcodeproj */;
			proxyType = 2;
			remoteGlobalIDString = 030EF0A814632FD000B04273;
			remoteInfo = OCMock;
		};
		498D614E16C381D3009C38CE /* PBXContainerItemProxy */ = {
			isa = PBXContainerItemProxy;
			containerPortal = 498D614616C381D2009C38CE /* OCMock.xcodeproj */;
			proxyType = 2;
			remoteGlobalIDString = 030EF0C014632FD000B04273;
			remoteInfo = OCMockTests;
		};
		498D615016C381D3009C38CE /* PBXContainerItemProxy */ = {
			isa = PBXContainerItemProxy;
			containerPortal = 498D614616C381D2009C38CE /* OCMock.xcodeproj */;
			proxyType = 2;
			remoteGlobalIDString = 030EF0DC14632FF700B04273;
			remoteInfo = OCMockLib;
		};
/* End PBXContainerItemProxy section */

/* Begin PBXCopyFilesBuildPhase section */
		494D60F016B5D9250060BA2F /* CopyFiles */ = {
			isa = PBXCopyFilesBuildPhase;
			buildActionMask = 2147483647;
			dstPath = "include/${PRODUCT_NAME}";
			dstSubfolderSpec = 16;
			files = (
			);
			runOnlyForDeploymentPostprocessing = 0;
		};
/* End PBXCopyFilesBuildPhase section */

/* Begin PBXFileReference section */
		4900053B16C8303C00C9F5F5 /* PropertyBindings.h */ = {isa = PBXFileReference; lastKnownFileType = sourcecode.c.h; path = PropertyBindings.h; sourceTree = "<group>"; };
		494D60F216B5D9250060BA2F /* libPropertyBindings.a */ = {isa = PBXFileReference; explicitFileType = archive.ar; includeInIndex = 0; path = libPropertyBindings.a; sourceTree = BUILT_PRODUCTS_DIR; };
		494D60F516B5D9250060BA2F /* Foundation.framework */ = {isa = PBXFileReference; lastKnownFileType = wrapper.framework; name = Foundation.framework; path = System/Library/Frameworks/Foundation.framework; sourceTree = SDKROOT; };
		494D60F916B5D9250060BA2F /* PropertyBindings-Prefix.pch */ = {isa = PBXFileReference; lastKnownFileType = sourcecode.c.h; name = "PropertyBindings-Prefix.pch"; path = "private/PropertyBindings-Prefix.pch"; sourceTree = "<group>"; };
		494D610516B5DD5A0060BA2F /* BindingObserver.h */ = {isa = PBXFileReference; fileEncoding = 4; lastKnownFileType = sourcecode.c.h; path = BindingObserver.h; sourceTree = "<group>"; };
		494D610616B5DD5A0060BA2F /* BindingObserver.m */ = {isa = PBXFileReference; fileEncoding = 4; lastKnownFileType = sourcecode.c.objc; path = BindingObserver.m; sourceTree = "<group>"; };
		494D610716B5DD5A0060BA2F /* NSObject+Binding.m */ = {isa = PBXFileReference; fileEncoding = 4; lastKnownFileType = sourcecode.c.objc; path = "NSObject+Binding.m"; sourceTree = "<group>"; };
		494D610816B5DD5A0060BA2F /* ObservedBindingReference.h */ = {isa = PBXFileReference; fileEncoding = 4; lastKnownFileType = sourcecode.c.h; path = ObservedBindingReference.h; sourceTree = "<group>"; };
		494D610916B5DD5A0060BA2F /* ObservedBindingReference.m */ = {isa = PBXFileReference; fileEncoding = 4; lastKnownFileType = sourcecode.c.objc; path = ObservedBindingReference.m; sourceTree = "<group>"; };
		494D611516B5DD860060BA2F /* NSObject+Binding.h */ = {isa = PBXFileReference; fileEncoding = 4; lastKnownFileType = sourcecode.c.h; path = "NSObject+Binding.h"; sourceTree = "<group>"; };
		494D613316B5E0DB0060BA2F /* property-bindings-specs.app */ = {isa = PBXFileReference; explicitFileType = wrapper.application; includeInIndex = 0; path = "property-bindings-specs.app"; sourceTree = BUILT_PRODUCTS_DIR; };
		494D613716B5E0DB0060BA2F /* CoreGraphics.framework */ = {isa = PBXFileReference; lastKnownFileType = wrapper.framework; name = CoreGraphics.framework; path = System/Library/Frameworks/CoreGraphics.framework; sourceTree = SDKROOT; };
		494D613B16B5E0DB0060BA2F /* PropertyBindingsSpecs-Info.plist */ = {isa = PBXFileReference; lastKnownFileType = text.plist.xml; path = "PropertyBindingsSpecs-Info.plist"; sourceTree = "<group>"; };
		494D613D16B5E0DB0060BA2F /* en */ = {isa = PBXFileReference; lastKnownFileType = text.plist.strings; name = en; path = en.lproj/InfoPlist.strings; sourceTree = "<group>"; };
		494D613F16B5E0DB0060BA2F /* main.m */ = {isa = PBXFileReference; lastKnownFileType = sourcecode.c.objc; path = main.m; sourceTree = "<group>"; };
		494D614116B5E0DB0060BA2F /* bindings-specs-Prefix.pch */ = {isa = PBXFileReference; lastKnownFileType = sourcecode.c.h; path = "bindings-specs-Prefix.pch"; sourceTree = "<group>"; };
		494D614216B5E0DB0060BA2F /* Cedar-iOS.framework */ = {isa = PBXFileReference; lastKnownFileType = wrapper.framework; name = "Cedar-iOS.framework"; path = "Frameworks/Cedar-iOS.framework"; sourceTree = "<group>"; };
		494D614916B5E18A0060BA2F /* BindingSpec.mm */ = {isa = PBXFileReference; fileEncoding = 4; lastKnownFileType = sourcecode.cpp.objcpp; name = BindingSpec.mm; path = specs/BindingSpec.mm; sourceTree = SOURCE_ROOT; };
		498D614016C37645009C38CE /* UITableView+Binding.h */ = {isa = PBXFileReference; fileEncoding = 4; lastKnownFileType = sourcecode.c.h; path = "UITableView+Binding.h"; sourceTree = "<group>"; };
		498D614116C37645009C38CE /* UITableView+Binding.m */ = {isa = PBXFileReference; fileEncoding = 4; lastKnownFileType = sourcecode.c.objc; path = "UITableView+Binding.m"; sourceTree = "<group>"; };
		498D614316C377DA009C38CE /* UITableViewBindingSpecSpec.mm */ = {isa = PBXFileReference; fileEncoding = 4; lastKnownFileType = sourcecode.cpp.objcpp; path = UITableViewBindingSpecSpec.mm; sourceTree = "<group>"; };
		498D614616C381D2009C38CE /* OCMock.xcodeproj */ = {isa = PBXFileReference; lastKnownFileType = "wrapper.pb-project"; name = OCMock.xcodeproj; path = ocmock/Source/OCMock.xcodeproj; sourceTree = "<group>"; };
		498D615316C38A23009C38CE /* UIKit.framework */ = {isa = PBXFileReference; lastKnownFileType = wrapper.framework; name = UIKit.framework; path = System/Library/Frameworks/UIKit.framework; sourceTree = SDKROOT; };
		498D615616C43C57009C38CE /* BindingArrayObserver.h */ = {isa = PBXFileReference; fileEncoding = 4; lastKnownFileType = sourcecode.c.h; path = BindingArrayObserver.h; sourceTree = "<group>"; };
		498D615716C43C57009C38CE /* BindingArrayObserver.m */ = {isa = PBXFileReference; fileEncoding = 4; lastKnownFileType = sourcecode.c.objc; path = BindingArrayObserver.m; sourceTree = "<group>"; };
/* End PBXFileReference section */

/* Begin PBXFrameworksBuildPhase section */
		494D60EF16B5D9250060BA2F /* Frameworks */ = {
			isa = PBXFrameworksBuildPhase;
			buildActionMask = 2147483647;
			files = (
				494D60F616B5D9250060BA2F /* Foundation.framework in Frameworks */,
			);
			runOnlyForDeploymentPostprocessing = 0;
		};
		494D613016B5E0DB0060BA2F /* Frameworks */ = {
			isa = PBXFrameworksBuildPhase;
			buildActionMask = 2147483647;
			files = (
				498D615416C38A23009C38CE /* UIKit.framework in Frameworks */,
				498D615216C381F6009C38CE /* libOCMock.a in Frameworks */,
				494D613616B5E0DB0060BA2F /* Foundation.framework in Frameworks */,
				494D613816B5E0DB0060BA2F /* CoreGraphics.framework in Frameworks */,
				494D614316B5E0DB0060BA2F /* Cedar-iOS.framework in Frameworks */,
			);
			runOnlyForDeploymentPostprocessing = 0;
		};
/* End PBXFrameworksBuildPhase section */

/* Begin PBXGroup section */
		494D60E716B5D9250060BA2F = {
			isa = PBXGroup;
			children = (
				498D614516C380A2009C38CE /* vendor */,
				494D60F716B5D9250060BA2F /* PropertyBindings */,
				494D613916B5E0DB0060BA2F /* PropertyBindingsSpecs */,
				494D60F416B5D9250060BA2F /* Frameworks */,
				494D60F316B5D9250060BA2F /* Products */,
			);
			sourceTree = "<group>";
		};
		494D60F316B5D9250060BA2F /* Products */ = {
			isa = PBXGroup;
			children = (
				494D60F216B5D9250060BA2F /* libPropertyBindings.a */,
				494D613316B5E0DB0060BA2F /* property-bindings-specs.app */,
			);
			name = Products;
			sourceTree = "<group>";
		};
		494D60F416B5D9250060BA2F /* Frameworks */ = {
			isa = PBXGroup;
			children = (
				498D615316C38A23009C38CE /* UIKit.framework */,
				494D60F516B5D9250060BA2F /* Foundation.framework */,
				494D613716B5E0DB0060BA2F /* CoreGraphics.framework */,
			);
			name = Frameworks;
			sourceTree = "<group>";
		};
		494D60F716B5D9250060BA2F /* PropertyBindings */ = {
			isa = PBXGroup;
			children = (
				4900053B16C8303C00C9F5F5 /* PropertyBindings.h */,
				494D611516B5DD860060BA2F /* NSObject+Binding.h */,
				498D614016C37645009C38CE /* UITableView+Binding.h */,
				494D610416B5DD5A0060BA2F /* private */,
				494D60F816B5D9250060BA2F /* Supporting Files */,
			);
			path = PropertyBindings;
			sourceTree = "<group>";
		};
		494D60F816B5D9250060BA2F /* Supporting Files */ = {
			isa = PBXGroup;
			children = (
				494D60F916B5D9250060BA2F /* PropertyBindings-Prefix.pch */,
			);
			name = "Supporting Files";
			sourceTree = "<group>";
		};
		494D610416B5DD5A0060BA2F /* private */ = {
			isa = PBXGroup;
			children = (
				498D614116C37645009C38CE /* UITableView+Binding.m */,
				494D610516B5DD5A0060BA2F /* BindingObserver.h */,
				494D610616B5DD5A0060BA2F /* BindingObserver.m */,
				494D610716B5DD5A0060BA2F /* NSObject+Binding.m */,
				494D610816B5DD5A0060BA2F /* ObservedBindingReference.h */,
				494D610916B5DD5A0060BA2F /* ObservedBindingReference.m */,
				498D615616C43C57009C38CE /* BindingArrayObserver.h */,
				498D615716C43C57009C38CE /* BindingArrayObserver.m */,
			);
			path = private;
			sourceTree = "<group>";
		};
		494D613916B5E0DB0060BA2F /* PropertyBindingsSpecs */ = {
			isa = PBXGroup;
			children = (
				494D614916B5E18A0060BA2F /* BindingSpec.mm */,
				494D614216B5E0DB0060BA2F /* Cedar-iOS.framework */,
				494D613A16B5E0DB0060BA2F /* Supporting Files */,
				498D614316C377DA009C38CE /* UITableViewBindingSpecSpec.mm */,
			);
			name = PropertyBindingsSpecs;
			path = specs;
			sourceTree = "<group>";
		};
		494D613A16B5E0DB0060BA2F /* Supporting Files */ = {
			isa = PBXGroup;
			children = (
				494D613B16B5E0DB0060BA2F /* PropertyBindingsSpecs-Info.plist */,
				494D613C16B5E0DB0060BA2F /* InfoPlist.strings */,
				494D613F16B5E0DB0060BA2F /* main.m */,
				494D614116B5E0DB0060BA2F /* bindings-specs-Prefix.pch */,
			);
			name = "Supporting Files";
			sourceTree = "<group>";
		};
		498D614516C380A2009C38CE /* vendor */ = {
			isa = PBXGroup;
			children = (
				498D614616C381D2009C38CE /* OCMock.xcodeproj */,
			);
			path = vendor;
			sourceTree = "<group>";
		};
		498D614716C381D2009C38CE /* Products */ = {
			isa = PBXGroup;
			children = (
				498D614D16C381D3009C38CE /* OCMock.framework */,
				498D614F16C381D3009C38CE /* OCMockTests.octest */,
				498D615116C381D3009C38CE /* libOCMock.a */,
			);
			name = Products;
			sourceTree = "<group>";
		};
/* End PBXGroup section */

/* Begin PBXNativeTarget section */
		494D60F116B5D9250060BA2F /* PropertyBindings */ = {
			isa = PBXNativeTarget;
			buildConfigurationList = 494D610016B5D9250060BA2F /* Build configuration list for PBXNativeTarget "PropertyBindings" */;
			buildPhases = (
				494D60EE16B5D9250060BA2F /* Sources */,
				494D60EF16B5D9250060BA2F /* Frameworks */,
				494D60F016B5D9250060BA2F /* CopyFiles */,
			);
			buildRules = (
			);
			dependencies = (
			);
			name = PropertyBindings;
			productName = bindings;
			productReference = 494D60F216B5D9250060BA2F /* libPropertyBindings.a */;
			productType = "com.apple.product-type.library.static";
		};
		494D613216B5E0DB0060BA2F /* property-bindings-specs */ = {
			isa = PBXNativeTarget;
			buildConfigurationList = 494D614616B5E0DB0060BA2F /* Build configuration list for PBXNativeTarget "property-bindings-specs" */;
			buildPhases = (
				494D612F16B5E0DB0060BA2F /* Sources */,
				494D613016B5E0DB0060BA2F /* Frameworks */,
				494D613116B5E0DB0060BA2F /* Resources */,
			);
			buildRules = (
			);
			dependencies = (
				494D615F16B5E3190060BA2F /* PBXTargetDependency */,
			);
			name = "property-bindings-specs";
			productName = "bindings-specs";
			productReference = 494D613316B5E0DB0060BA2F /* property-bindings-specs.app */;
			productType = "com.apple.product-type.application";
		};
/* End PBXNativeTarget section */

/* Begin PBXProject section */
		494D60E916B5D9250060BA2F /* Project object */ = {
			isa = PBXProject;
			attributes = {
				LastUpgradeCheck = 0450;
				ORGANIZATIONNAME = Drewag;
			};
			buildConfigurationList = 494D60EC16B5D9250060BA2F /* Build configuration list for PBXProject "PropertyBindings" */;
			compatibilityVersion = "Xcode 3.2";
			developmentRegion = English;
			hasScannedForEncodings = 0;
			knownRegions = (
				en,
			);
			mainGroup = 494D60E716B5D9250060BA2F;
			productRefGroup = 494D60F316B5D9250060BA2F /* Products */;
			projectDirPath = "";
			projectReferences = (
				{
					ProductGroup = 498D614716C381D2009C38CE /* Products */;
					ProjectRef = 498D614616C381D2009C38CE /* OCMock.xcodeproj */;
				},
			);
			projectRoot = "";
			targets = (
				494D60F116B5D9250060BA2F /* PropertyBindings */,
				494D613216B5E0DB0060BA2F /* property-bindings-specs */,
			);
		};
/* End PBXProject section */

/* Begin PBXReferenceProxy section */
		498D614D16C381D3009C38CE /* OCMock.framework */ = {
			isa = PBXReferenceProxy;
			fileType = wrapper.framework;
			path = OCMock.framework;
			remoteRef = 498D614C16C381D3009C38CE /* PBXContainerItemProxy */;
			sourceTree = BUILT_PRODUCTS_DIR;
		};
		498D614F16C381D3009C38CE /* OCMockTests.octest */ = {
			isa = PBXReferenceProxy;
			fileType = wrapper.cfbundle;
			path = OCMockTests.octest;
			remoteRef = 498D614E16C381D3009C38CE /* PBXContainerItemProxy */;
			sourceTree = BUILT_PRODUCTS_DIR;
		};
		498D615116C381D3009C38CE /* libOCMock.a */ = {
			isa = PBXReferenceProxy;
			fileType = archive.ar;
			path = libOCMock.a;
			remoteRef = 498D615016C381D3009C38CE /* PBXContainerItemProxy */;
			sourceTree = BUILT_PRODUCTS_DIR;
		};
/* End PBXReferenceProxy section */

/* Begin PBXResourcesBuildPhase section */
		494D613116B5E0DB0060BA2F /* Resources */ = {
			isa = PBXResourcesBuildPhase;
			buildActionMask = 2147483647;
			files = (
				494D613E16B5E0DB0060BA2F /* InfoPlist.strings in Resources */,
			);
			runOnlyForDeploymentPostprocessing = 0;
		};
/* End PBXResourcesBuildPhase section */

/* Begin PBXSourcesBuildPhase section */
		494D60EE16B5D9250060BA2F /* Sources */ = {
			isa = PBXSourcesBuildPhase;
			buildActionMask = 2147483647;
			files = (
				494D610F16B5DD5A0060BA2F /* BindingObserver.m in Sources */,
				494D611016B5DD5A0060BA2F /* NSObject+Binding.m in Sources */,
				494D611116B5DD5A0060BA2F /* ObservedBindingReference.m in Sources */,
				498D614216C37645009C38CE /* UITableView+Binding.m in Sources */,
				498D615816C43C57009C38CE /* BindingArrayObserver.m in Sources */,
			);
			runOnlyForDeploymentPostprocessing = 0;
		};
		494D612F16B5E0DB0060BA2F /* Sources */ = {
			isa = PBXSourcesBuildPhase;
			buildActionMask = 2147483647;
			files = (
				494D614016B5E0DB0060BA2F /* main.m in Sources */,
				494D614A16B5E18A0060BA2F /* BindingSpec.mm in Sources */,
				494D616016B5E3B80060BA2F /* NSObject+Binding.m in Sources */,
				494D616116B5E3C10060BA2F /* BindingObserver.m in Sources */,
				494D616216B5E3C40060BA2F /* ObservedBindingReference.m in Sources */,
				498D614416C377DA009C38CE /* UITableViewBindingSpecSpec.mm in Sources */,
				498D615516C38C9C009C38CE /* UITableView+Binding.m in Sources */,
				498D615916C43C57009C38CE /* BindingArrayObserver.m in Sources */,
			);
			runOnlyForDeploymentPostprocessing = 0;
		};
/* End PBXSourcesBuildPhase section */

/* Begin PBXTargetDependency section */
		494D615F16B5E3190060BA2F /* PBXTargetDependency */ = {
			isa = PBXTargetDependency;
			target = 494D60F116B5D9250060BA2F /* PropertyBindings */;
			targetProxy = 494D615E16B5E3190060BA2F /* PBXContainerItemProxy */;
		};
/* End PBXTargetDependency section */

/* Begin PBXVariantGroup section */
		494D613C16B5E0DB0060BA2F /* InfoPlist.strings */ = {
			isa = PBXVariantGroup;
			children = (
				494D613D16B5E0DB0060BA2F /* en */,
			);
			name = InfoPlist.strings;
			sourceTree = "<group>";
		};
/* End PBXVariantGroup section */

/* Begin XCBuildConfiguration section */
		494D60FE16B5D9250060BA2F /* Debug */ = {
			isa = XCBuildConfiguration;
			buildSettings = {
				ALWAYS_SEARCH_USER_PATHS = NO;
				CLANG_CXX_LANGUAGE_STANDARD = "gnu++0x";
				CLANG_CXX_LIBRARY = "libc++";
				CLANG_WARN_EMPTY_BODY = YES;
				CLANG_WARN__DUPLICATE_METHOD_MATCH = YES;
				COPY_PHASE_STRIP = NO;
				GCC_C_LANGUAGE_STANDARD = gnu99;
				GCC_DYNAMIC_NO_PIC = NO;
				GCC_OPTIMIZATION_LEVEL = 0;
				GCC_PREPROCESSOR_DEFINITIONS = (
					"DEBUG=1",
					"$(inherited)",
				);
				GCC_SYMBOLS_PRIVATE_EXTERN = NO;
				GCC_WARN_ABOUT_RETURN_TYPE = YES;
				GCC_WARN_UNINITIALIZED_AUTOS = YES;
				GCC_WARN_UNUSED_VARIABLE = YES;
				IPHONEOS_DEPLOYMENT_TARGET = 6.0;
				ONLY_ACTIVE_ARCH = YES;
				SDKROOT = iphoneos;
			};
			name = Debug;
		};
		494D60FF16B5D9250060BA2F /* Release */ = {
			isa = XCBuildConfiguration;
			buildSettings = {
				ALWAYS_SEARCH_USER_PATHS = NO;
				CLANG_CXX_LANGUAGE_STANDARD = "gnu++0x";
				CLANG_CXX_LIBRARY = "libc++";
				CLANG_WARN_EMPTY_BODY = YES;
				CLANG_WARN__DUPLICATE_METHOD_MATCH = YES;
				COPY_PHASE_STRIP = YES;
				GCC_C_LANGUAGE_STANDARD = gnu99;
				GCC_WARN_ABOUT_RETURN_TYPE = YES;
				GCC_WARN_UNINITIALIZED_AUTOS = YES;
				GCC_WARN_UNUSED_VARIABLE = YES;
				IPHONEOS_DEPLOYMENT_TARGET = 6.0;
				SDKROOT = iphoneos;
				VALIDATE_PRODUCT = YES;
			};
			name = Release;
		};
		494D610116B5D9250060BA2F /* Debug */ = {
			isa = XCBuildConfiguration;
			buildSettings = {
				DSTROOT = /tmp/bindings.dst;
				GCC_PRECOMPILE_PREFIX_HEADER = YES;
				GCC_PREFIX_HEADER = "PropertyBindings/private/PropertyBindings-Prefix.pch";
				HEADER_SEARCH_PATHS = "";
				OTHER_LDFLAGS = "-ObjC";
				PRODUCT_NAME = "$(TARGET_NAME)";
				SKIP_INSTALL = YES;
			};
			name = Debug;
		};
		494D610216B5D9250060BA2F /* Release */ = {
			isa = XCBuildConfiguration;
			buildSettings = {
				DSTROOT = /tmp/bindings.dst;
				GCC_PRECOMPILE_PREFIX_HEADER = YES;
				GCC_PREFIX_HEADER = "PropertyBindings/private/PropertyBindings-Prefix.pch";
				HEADER_SEARCH_PATHS = "";
				OTHER_LDFLAGS = "-ObjC";
				PRODUCT_NAME = "$(TARGET_NAME)";
				SKIP_INSTALL = YES;
			};
			name = Release;
		};
		494D614716B5E0DB0060BA2F /* Debug */ = {
			isa = XCBuildConfiguration;
			buildSettings = {
				CLANG_ENABLE_OBJC_ARC = NO;
				"CODE_SIGN_IDENTITY[sdk=iphoneos*]" = "iPhone Developer";
				FRAMEWORK_SEARCH_PATHS = (
					"$(inherited)",
					"\"$(SYSTEM_APPS_DIR)/Xcode.app/Contents/Developer/Library/Frameworks\"",
					"\"$(SRCROOT)/specs/Frameworks\"",
				);
				GCC_PRECOMPILE_PREFIX_HEADER = YES;
				GCC_PREFIX_HEADER = "specs/bindings-specs-Prefix.pch";
				HEADER_SEARCH_PATHS = vendor/ocmock/Source;
				INFOPLIST_FILE = "$(SRCROOT)/specs/PropertyBindingsSpecs-Info.plist";
				OTHER_LDFLAGS = (
					"-ObjC",
					"-all_load",
					"-lstdc++",
				);
				PRODUCT_NAME = "$(TARGET_NAME)";
				WRAPPER_EXTENSION = app;
			};
			name = Debug;
		};
		494D614816B5E0DB0060BA2F /* Release */ = {
			isa = XCBuildConfiguration;
			buildSettings = {
				CLANG_ENABLE_OBJC_ARC = NO;
				"CODE_SIGN_IDENTITY[sdk=iphoneos*]" = "iPhone Developer";
				FRAMEWORK_SEARCH_PATHS = (
					"$(inherited)",
					"\"$(SYSTEM_APPS_DIR)/Xcode.app/Contents/Developer/Library/Frameworks\"",
					"\"$(SRCROOT)/specs/Frameworks\"",
				);
				GCC_PRECOMPILE_PREFIX_HEADER = YES;
				GCC_PREFIX_HEADER = "specs/bindings-specs-Prefix.pch";
				HEADER_SEARCH_PATHS = vendor/ocmock/Source;
				INFOPLIST_FILE = "$(SRCROOT)/specs/PropertyBindingsSpecs-Info.plist";
				OTHER_CFLAGS = "-DNS_BLOCK_ASSERTIONS=1";
				OTHER_LDFLAGS = (
					"-ObjC",
					"-all_load",
					"-lstdc++",
				);
				PRODUCT_NAME = "$(TARGET_NAME)";
				WRAPPER_EXTENSION = app;
			};
			name = Release;
		};
/* End XCBuildConfiguration section */

/* Begin XCConfigurationList section */
		494D60EC16B5D9250060BA2F /* Build configuration list for PBXProject "PropertyBindings" */ = {
			isa = XCConfigurationList;
			buildConfigurations = (
				494D60FE16B5D9250060BA2F /* Debug */,
				494D60FF16B5D9250060BA2F /* Release */,
			);
			defaultConfigurationIsVisible = 0;
			defaultConfigurationName = Release;
		};
		494D610016B5D9250060BA2F /* Build configuration list for PBXNativeTarget "PropertyBindings" */ = {
			isa = XCConfigurationList;
			buildConfigurations = (
				494D610116B5D9250060BA2F /* Debug */,
				494D610216B5D9250060BA2F /* Release */,
			);
			defaultConfigurationIsVisible = 0;
			defaultConfigurationName = Release;
		};
		494D614616B5E0DB0060BA2F /* Build configuration list for PBXNativeTarget "property-bindings-specs" */ = {
			isa = XCConfigurationList;
			buildConfigurations = (
				494D614716B5E0DB0060BA2F /* Debug */,
				494D614816B5E0DB0060BA2F /* Release */,
			);
			defaultConfigurationIsVisible = 0;
			defaultConfigurationName = Release;
		};
/* End XCConfigurationList section */
	};
	rootObject = 494D60E916B5D9250060BA2F /* Project object */;
}
